
Microsoft Visual Studio Solution File, Format Version 12.00
# Visual Studio Version 17
VisualStudioVersion = 17.9.34607.119
MinimumVisualStudioVersion = 10.0.40219.1
Project("{FAE04EC0-301F-11D3-BF4B-00C04F79EFBC}") = "joaoVito-mvc-RM86293", "joaoVito-mvc-RM86293.csproj", "{4619A2C5-253A-4BBC-B24D-D7DFFD338145}"
EndProject
Global
	GlobalSection(SolutionConfigurationPlatforms) = preSolution
		Debug|Any CPU = Debug|Any CPU
		Release|Any CPU = Release|Any CPU
	EndGlobalSection
	GlobalSection(ProjectConfigurationPlatforms) = postSolution
		{4619A2C5-253A-4BBC-B24D-D7DFFD338145}.Debug|Any CPU.ActiveCfg = Debug|Any CPU
		{4619A2C5-253A-4BBC-B24D-D7DFFD338145}.Debug|Any CPU.Build.0 = Debug|Any CPU
		{4619A2C5-253A-4BBC-B24D-D7DFFD338145}.Release|Any CPU.ActiveCfg = Release|Any CPU
		{4619A2C5-253A-4BBC-B24D-D7DFFD338145}.Release|Any CPU.Build.0 = Release|Any CPU
	EndGlobalSection
	GlobalSection(SolutionProperties) = preSolution
		HideSolutionNode = FALSE
	EndGlobalSection
	GlobalSection(ExtensibilityGlobals) = postSolution
		SolutionGuid = {10C21251-D3E5-442F-AB46-FE0816D69EEA}
	EndGlobalSection
EndGlobal
